
Microsoft Visual Studio Solution File, Format Version 12.00
# Visual Studio Version 16
VisualStudioVersion = 16.0.31424.327
MinimumVisualStudioVersion = 10.0.40219.1
Project("{2150E333-8FDC-42A3-9474-1A3956D46DE8}") = "Selenium", "Selenium", "{742074B7-55BC-4270-910E-C0D372F55ADB}"
EndProject
Project("{9A19103F-16F7-4668-BE54-9A1E7A4F7556}") = "SpecFlow.Actions.Selenium", "SpecFlow.Actions.Selenium\SpecFlow.Actions.Selenium\SpecFlow.Actions.Selenium.csproj", "{9DDC8FE3-A071-41CC-AD04-13A5BE79D5B5}"
EndProject
Project("{9A19103F-16F7-4668-BE54-9A1E7A4F7556}") = "Example", "SpecFlow.Actions.Selenium\Example\Example.csproj", "{FF2D7A20-9D5C-4E13-9DE6-FE78E358D024}"
EndProject
Project("{9A19103F-16F7-4668-BE54-9A1E7A4F7556}") = "SpecFlow.Actions.Selenium.Tests", "SpecFlow.Actions.Selenium\SpecFlow.Actions.Selenium.Tests\SpecFlow.Actions.Selenium.Tests.csproj", "{3DB1953A-35EB-4CFB-B989-FE9CF7EFF650}"
EndProject
Project("{2150E333-8FDC-42A3-9474-1A3956D46DE8}") = "Configuration", "Configuration", "{D6FFB660-2A29-452D-B704-A5783DB80607}"
EndProject
Project("{9A19103F-16F7-4668-BE54-9A1E7A4F7556}") = "SpecFlow.Actions.Configuration", "SpecFlow.Actions.Configuration\SpecFlow.Actions.Configuration\SpecFlow.Actions.Configuration.csproj", "{32C0E74F-65FF-4CD0-9AF1-A915109AF088}"
EndProject
Project("{2150E333-8FDC-42A3-9474-1A3956D46DE8}") = "General", "General", "{DF8521B1-235E-4C9D-87D6-7A7EEBA3A2E4}"
	ProjectSection(SolutionItems) = preProject
		.editorconfig = .editorconfig
		Directory.Build.props = Directory.Build.props
		Directory.Build.targets = Directory.Build.targets
		version.json = version.json
	EndProjectSection
EndProject
Project("{2150E333-8FDC-42A3-9474-1A3956D46DE8}") = "Browserstack", "Browserstack", "{063E01A2-05BD-4926-AF3C-C9B11985A1B0}"
EndProject
Project("{9A19103F-16F7-4668-BE54-9A1E7A4F7556}") = "Specflow.Actions.Browserstack", "Specflow.Actions.Browserstack\Specflow.Actions.Browserstack\Specflow.Actions.Browserstack.csproj", "{9CCC96A4-22A6-46AF-8885-4B831DDA0C71}"
EndProject
Project("{9A19103F-16F7-4668-BE54-9A1E7A4F7556}") = "Example", "Specflow.Actions.Browserstack\Example\Example.csproj", "{2FFC9DA2-BB5A-4821-AC70-8E43DEE4668C}"
EndProject
Project("{2150E333-8FDC-42A3-9474-1A3956D46DE8}") = "Playwright", "Playwright", "{4516E49D-DC11-4716-A152-2FBEE3DA476E}"
EndProject
Project("{9A19103F-16F7-4668-BE54-9A1E7A4F7556}") = "SpecFlow.Actions.Playwright", "SpecFlow.Actions.Playwright\SpecFlow.Actions.Playwright\SpecFlow.Actions.Playwright.csproj", "{8A1BED00-ACD7-43AC-8669-B83AD5106CEF}"
EndProject
Project("{9A19103F-16F7-4668-BE54-9A1E7A4F7556}") = "Example", "SpecFlow.Actions.Playwright\Example\Example.csproj", "{C7F6707E-1C8C-49EC-AAC5-840D07142DE7}"
EndProject
Global
	GlobalSection(SolutionConfigurationPlatforms) = preSolution
		Debug|Any CPU = Debug|Any CPU
		Release|Any CPU = Release|Any CPU
	EndGlobalSection
	GlobalSection(ProjectConfigurationPlatforms) = postSolution
		{9DDC8FE3-A071-41CC-AD04-13A5BE79D5B5}.Debug|Any CPU.ActiveCfg = Debug|Any CPU
		{9DDC8FE3-A071-41CC-AD04-13A5BE79D5B5}.Debug|Any CPU.Build.0 = Debug|Any CPU
		{9DDC8FE3-A071-41CC-AD04-13A5BE79D5B5}.Release|Any CPU.ActiveCfg = Release|Any CPU
		{9DDC8FE3-A071-41CC-AD04-13A5BE79D5B5}.Release|Any CPU.Build.0 = Release|Any CPU
		{FF2D7A20-9D5C-4E13-9DE6-FE78E358D024}.Debug|Any CPU.ActiveCfg = Debug|Any CPU
		{FF2D7A20-9D5C-4E13-9DE6-FE78E358D024}.Debug|Any CPU.Build.0 = Debug|Any CPU
		{FF2D7A20-9D5C-4E13-9DE6-FE78E358D024}.Release|Any CPU.ActiveCfg = Release|Any CPU
		{FF2D7A20-9D5C-4E13-9DE6-FE78E358D024}.Release|Any CPU.Build.0 = Release|Any CPU
		{3DB1953A-35EB-4CFB-B989-FE9CF7EFF650}.Debug|Any CPU.ActiveCfg = Debug|Any CPU
		{3DB1953A-35EB-4CFB-B989-FE9CF7EFF650}.Debug|Any CPU.Build.0 = Debug|Any CPU
		{3DB1953A-35EB-4CFB-B989-FE9CF7EFF650}.Release|Any CPU.ActiveCfg = Release|Any CPU
		{3DB1953A-35EB-4CFB-B989-FE9CF7EFF650}.Release|Any CPU.Build.0 = Release|Any CPU
		{32C0E74F-65FF-4CD0-9AF1-A915109AF088}.Debug|Any CPU.ActiveCfg = Debug|Any CPU
		{32C0E74F-65FF-4CD0-9AF1-A915109AF088}.Debug|Any CPU.Build.0 = Debug|Any CPU
		{32C0E74F-65FF-4CD0-9AF1-A915109AF088}.Release|Any CPU.ActiveCfg = Release|Any CPU
		{32C0E74F-65FF-4CD0-9AF1-A915109AF088}.Release|Any CPU.Build.0 = Release|Any CPU
		{9CCC96A4-22A6-46AF-8885-4B831DDA0C71}.Debug|Any CPU.ActiveCfg = Debug|Any CPU
		{9CCC96A4-22A6-46AF-8885-4B831DDA0C71}.Debug|Any CPU.Build.0 = Debug|Any CPU
		{9CCC96A4-22A6-46AF-8885-4B831DDA0C71}.Release|Any CPU.ActiveCfg = Release|Any CPU
		{9CCC96A4-22A6-46AF-8885-4B831DDA0C71}.Release|Any CPU.Build.0 = Release|Any CPU
		{2FFC9DA2-BB5A-4821-AC70-8E43DEE4668C}.Debug|Any CPU.ActiveCfg = Debug|Any CPU
		{2FFC9DA2-BB5A-4821-AC70-8E43DEE4668C}.Debug|Any CPU.Build.0 = Debug|Any CPU
		{2FFC9DA2-BB5A-4821-AC70-8E43DEE4668C}.Release|Any CPU.ActiveCfg = Release|Any CPU
		{2FFC9DA2-BB5A-4821-AC70-8E43DEE4668C}.Release|Any CPU.Build.0 = Release|Any CPU
		{8A1BED00-ACD7-43AC-8669-B83AD5106CEF}.Debug|Any CPU.ActiveCfg = Debug|Any CPU
		{8A1BED00-ACD7-43AC-8669-B83AD5106CEF}.Debug|Any CPU.Build.0 = Debug|Any CPU
		{8A1BED00-ACD7-43AC-8669-B83AD5106CEF}.Release|Any CPU.ActiveCfg = Release|Any CPU
		{8A1BED00-ACD7-43AC-8669-B83AD5106CEF}.Release|Any CPU.Build.0 = Release|Any CPU
		{C7F6707E-1C8C-49EC-AAC5-840D07142DE7}.Debug|Any CPU.ActiveCfg = Debug|Any CPU
		{C7F6707E-1C8C-49EC-AAC5-840D07142DE7}.Debug|Any CPU.Build.0 = Debug|Any CPU
		{C7F6707E-1C8C-49EC-AAC5-840D07142DE7}.Release|Any CPU.ActiveCfg = Release|Any CPU
		{C7F6707E-1C8C-49EC-AAC5-840D07142DE7}.Release|Any CPU.Build.0 = Release|Any CPU
	EndGlobalSection
	GlobalSection(SolutionProperties) = preSolution
		HideSolutionNode = FALSE
	EndGlobalSection
	GlobalSection(NestedProjects) = preSolution
		{9DDC8FE3-A071-41CC-AD04-13A5BE79D5B5} = {742074B7-55BC-4270-910E-C0D372F55ADB}
		{FF2D7A20-9D5C-4E13-9DE6-FE78E358D024} = {742074B7-55BC-4270-910E-C0D372F55ADB}
		{3DB1953A-35EB-4CFB-B989-FE9CF7EFF650} = {742074B7-55BC-4270-910E-C0D372F55ADB}
		{32C0E74F-65FF-4CD0-9AF1-A915109AF088} = {D6FFB660-2A29-452D-B704-A5783DB80607}
		{9CCC96A4-22A6-46AF-8885-4B831DDA0C71} = {063E01A2-05BD-4926-AF3C-C9B11985A1B0}
		{2FFC9DA2-BB5A-4821-AC70-8E43DEE4668C} = {063E01A2-05BD-4926-AF3C-C9B11985A1B0}
		{8A1BED00-ACD7-43AC-8669-B83AD5106CEF} = {4516E49D-DC11-4716-A152-2FBEE3DA476E}
		{C7F6707E-1C8C-49EC-AAC5-840D07142DE7} = {4516E49D-DC11-4716-A152-2FBEE3DA476E}
	EndGlobalSection
	GlobalSection(ExtensibilityGlobals) = postSolution
		SolutionGuid = {C77D596F-1752-43EB-8984-FB53D4DAF102}
	EndGlobalSection
EndGlobal
