
Microsoft Visual Studio Solution File, Format Version 12.00
# Visual Studio Version 17
VisualStudioVersion = 17.0.32112.339
MinimumVisualStudioVersion = 10.0.40219.1
Project("{9A19103F-16F7-4668-BE54-9A1E7A4F7556}") = "SpecFlow.Actions.BoaConstrictor", "SpecFlow.Actions.BoaConstrictor\SpecFlow.Actions.BoaConstrictor.csproj", "{DF978323-3F9E-4F1F-9A63-BDCE80EA392E}"
EndProject
Project("{9A19103F-16F7-4668-BE54-9A1E7A4F7556}") = "Example", "Example\Example.csproj", "{CE9B5E83-5667-4664-86B6-D500642B9230}"
EndProject
Project("{2150E333-8FDC-42A3-9474-1A3956D46DE8}") = "Dependencies", "Dependencies", "{0DA66890-96ED-47A1-8B92-5CFFFE5A3F0F}"
EndProject
Project("{9A19103F-16F7-4668-BE54-9A1E7A4F7556}") = "SpecFlow.Actions.Configuration", "..\SpecFlow.Actions.Configuration\SpecFlow.Actions.Configuration\SpecFlow.Actions.Configuration.csproj", "{52AAB9DD-6EE9-41BF-B531-9429CB22E7F7}"
EndProject
Project("{9A19103F-16F7-4668-BE54-9A1E7A4F7556}") = "SpecFlow.Actions.Selenium", "..\SpecFlow.Actions.Selenium\SpecFlow.Actions.Selenium\SpecFlow.Actions.Selenium.csproj", "{4312620D-CB7B-47D9-858D-BEFD499D05E2}"
EndProject
Project("{9A19103F-16F7-4668-BE54-9A1E7A4F7556}") = "SpecFlow.Actions.Configuration.Generation", "..\SpecFlow.Actions.Configuration\SpecFlow.Actions.Configuration.Generation\SpecFlow.Actions.Configuration.Generation.csproj", "{2E91BF8C-835E-48BA-8CA1-E16FCCA99263}"
EndProject
Global
	GlobalSection(SolutionConfigurationPlatforms) = preSolution
		Debug|Any CPU = Debug|Any CPU
		Release|Any CPU = Release|Any CPU
	EndGlobalSection
	GlobalSection(ProjectConfigurationPlatforms) = postSolution
		{DF978323-3F9E-4F1F-9A63-BDCE80EA392E}.Debug|Any CPU.ActiveCfg = Debug|Any CPU
		{DF978323-3F9E-4F1F-9A63-BDCE80EA392E}.Debug|Any CPU.Build.0 = Debug|Any CPU
		{DF978323-3F9E-4F1F-9A63-BDCE80EA392E}.Release|Any CPU.ActiveCfg = Release|Any CPU
		{DF978323-3F9E-4F1F-9A63-BDCE80EA392E}.Release|Any CPU.Build.0 = Release|Any CPU
		{CE9B5E83-5667-4664-86B6-D500642B9230}.Debug|Any CPU.ActiveCfg = Debug|Any CPU
		{CE9B5E83-5667-4664-86B6-D500642B9230}.Debug|Any CPU.Build.0 = Debug|Any CPU
		{CE9B5E83-5667-4664-86B6-D500642B9230}.Release|Any CPU.ActiveCfg = Release|Any CPU
		{CE9B5E83-5667-4664-86B6-D500642B9230}.Release|Any CPU.Build.0 = Release|Any CPU
		{52AAB9DD-6EE9-41BF-B531-9429CB22E7F7}.Debug|Any CPU.ActiveCfg = Debug|Any CPU
		{52AAB9DD-6EE9-41BF-B531-9429CB22E7F7}.Debug|Any CPU.Build.0 = Debug|Any CPU
		{52AAB9DD-6EE9-41BF-B531-9429CB22E7F7}.Release|Any CPU.ActiveCfg = Release|Any CPU
		{52AAB9DD-6EE9-41BF-B531-9429CB22E7F7}.Release|Any CPU.Build.0 = Release|Any CPU
		{4312620D-CB7B-47D9-858D-BEFD499D05E2}.Debug|Any CPU.ActiveCfg = Debug|Any CPU
		{4312620D-CB7B-47D9-858D-BEFD499D05E2}.Debug|Any CPU.Build.0 = Debug|Any CPU
		{4312620D-CB7B-47D9-858D-BEFD499D05E2}.Release|Any CPU.ActiveCfg = Release|Any CPU
		{4312620D-CB7B-47D9-858D-BEFD499D05E2}.Release|Any CPU.Build.0 = Release|Any CPU
		{2E91BF8C-835E-48BA-8CA1-E16FCCA99263}.Debug|Any CPU.ActiveCfg = Debug|Any CPU
		{2E91BF8C-835E-48BA-8CA1-E16FCCA99263}.Debug|Any CPU.Build.0 = Debug|Any CPU
		{2E91BF8C-835E-48BA-8CA1-E16FCCA99263}.Release|Any CPU.ActiveCfg = Release|Any CPU
		{2E91BF8C-835E-48BA-8CA1-E16FCCA99263}.Release|Any CPU.Build.0 = Release|Any CPU
	EndGlobalSection
	GlobalSection(SolutionProperties) = preSolution
		HideSolutionNode = FALSE
	EndGlobalSection
	GlobalSection(NestedProjects) = preSolution
		{52AAB9DD-6EE9-41BF-B531-9429CB22E7F7} = {0DA66890-96ED-47A1-8B92-5CFFFE5A3F0F}
		{4312620D-CB7B-47D9-858D-BEFD499D05E2} = {0DA66890-96ED-47A1-8B92-5CFFFE5A3F0F}
		{2E91BF8C-835E-48BA-8CA1-E16FCCA99263} = {0DA66890-96ED-47A1-8B92-5CFFFE5A3F0F}
	EndGlobalSection
	GlobalSection(ExtensibilityGlobals) = postSolution
		SolutionGuid = {B3C64B66-E154-489F-A489-5AE496D63137}
	EndGlobalSection
EndGlobal
