
Microsoft Visual Studio Solution File, Format Version 12.00
# Visual Studio Version 16
VisualStudioVersion = 16.0.31515.178
MinimumVisualStudioVersion = 10.0.40219.1
Project("{FAE04EC0-301F-11D3-BF4B-00C04F79EFBC}") = "Specflow.Actions.Browserstack", "Specflow.Actions.Browserstack\Specflow.Actions.Browserstack.csproj", "{F6C1488E-CA8C-4358-B372-04C4AB6AC11F}"
EndProject
Global
	GlobalSection(SolutionConfigurationPlatforms) = preSolution
		Debug|Any CPU = Debug|Any CPU
		Release|Any CPU = Release|Any CPU
	EndGlobalSection
	GlobalSection(ProjectConfigurationPlatforms) = postSolution
		{F6C1488E-CA8C-4358-B372-04C4AB6AC11F}.Debug|Any CPU.ActiveCfg = Debug|Any CPU
		{F6C1488E-CA8C-4358-B372-04C4AB6AC11F}.Debug|Any CPU.Build.0 = Debug|Any CPU
		{F6C1488E-CA8C-4358-B372-04C4AB6AC11F}.Release|Any CPU.ActiveCfg = Release|Any CPU
		{F6C1488E-CA8C-4358-B372-04C4AB6AC11F}.Release|Any CPU.Build.0 = Release|Any CPU
	EndGlobalSection
	GlobalSection(SolutionProperties) = preSolution
		HideSolutionNode = FALSE
	EndGlobalSection
	GlobalSection(ExtensibilityGlobals) = postSolution
		SolutionGuid = {F9824C0E-AED9-4F08-857A-799BE3EDDF94}
	EndGlobalSection
EndGlobal
