
Microsoft Visual Studio Solution File, Format Version 12.00
# Visual Studio Version 17
VisualStudioVersion = 17.0.32112.339
MinimumVisualStudioVersion = 10.0.40219.1
Project("{9A19103F-16F7-4668-BE54-9A1E7A4F7556}") = "SpecFlow.Actions.Browserstack", "SpecFlow.Actions.Browserstack\SpecFlow.Actions.Browserstack.csproj", "{F6C1488E-CA8C-4358-B372-04C4AB6AC11F}"
EndProject
Project("{9A19103F-16F7-4668-BE54-9A1E7A4F7556}") = "Example", "Example\Example.csproj", "{DF8DBDE1-65B5-40D4-AF03-AD924B64BE0F}"
EndProject
Project("{2150E333-8FDC-42A3-9474-1A3956D46DE8}") = "Dependencies", "Dependencies", "{E1B7B44C-90D6-4A48-A5D8-59B0CFFAE89E}"
EndProject
Project("{9A19103F-16F7-4668-BE54-9A1E7A4F7556}") = "SpecFlow.Actions.Selenium", "..\SpecFlow.Actions.Selenium\SpecFlow.Actions.Selenium\SpecFlow.Actions.Selenium.csproj", "{FECA43E5-4562-4DC0-81E0-CA79C2C57E28}"
EndProject
Project("{9A19103F-16F7-4668-BE54-9A1E7A4F7556}") = "SpecFlow.Actions.Configuration", "..\SpecFlow.Actions.Configuration\SpecFlow.Actions.Configuration\SpecFlow.Actions.Configuration.csproj", "{B3DA1DCA-DACD-4B34-B1D7-55ED1AF87445}"
EndProject
Project("{9A19103F-16F7-4668-BE54-9A1E7A4F7556}") = "SpecFlow.Actions.Configuration.Generation", "..\SpecFlow.Actions.Configuration\SpecFlow.Actions.Configuration.Generation\SpecFlow.Actions.Configuration.Generation.csproj", "{00BF8B27-52CE-47E9-B525-1DB856B2EB26}"
EndProject
Global
	GlobalSection(SolutionConfigurationPlatforms) = preSolution
		Debug|Any CPU = Debug|Any CPU
		Release|Any CPU = Release|Any CPU
	EndGlobalSection
	GlobalSection(ProjectConfigurationPlatforms) = postSolution
		{F6C1488E-CA8C-4358-B372-04C4AB6AC11F}.Debug|Any CPU.ActiveCfg = Debug|Any CPU
		{F6C1488E-CA8C-4358-B372-04C4AB6AC11F}.Debug|Any CPU.Build.0 = Debug|Any CPU
		{F6C1488E-CA8C-4358-B372-04C4AB6AC11F}.Release|Any CPU.ActiveCfg = Release|Any CPU
		{F6C1488E-CA8C-4358-B372-04C4AB6AC11F}.Release|Any CPU.Build.0 = Release|Any CPU
		{DF8DBDE1-65B5-40D4-AF03-AD924B64BE0F}.Debug|Any CPU.ActiveCfg = Debug|Any CPU
		{DF8DBDE1-65B5-40D4-AF03-AD924B64BE0F}.Debug|Any CPU.Build.0 = Debug|Any CPU
		{DF8DBDE1-65B5-40D4-AF03-AD924B64BE0F}.Release|Any CPU.ActiveCfg = Release|Any CPU
		{DF8DBDE1-65B5-40D4-AF03-AD924B64BE0F}.Release|Any CPU.Build.0 = Release|Any CPU
		{FECA43E5-4562-4DC0-81E0-CA79C2C57E28}.Debug|Any CPU.ActiveCfg = Debug|Any CPU
		{FECA43E5-4562-4DC0-81E0-CA79C2C57E28}.Debug|Any CPU.Build.0 = Debug|Any CPU
		{FECA43E5-4562-4DC0-81E0-CA79C2C57E28}.Release|Any CPU.ActiveCfg = Release|Any CPU
		{FECA43E5-4562-4DC0-81E0-CA79C2C57E28}.Release|Any CPU.Build.0 = Release|Any CPU
		{B3DA1DCA-DACD-4B34-B1D7-55ED1AF87445}.Debug|Any CPU.ActiveCfg = Debug|Any CPU
		{B3DA1DCA-DACD-4B34-B1D7-55ED1AF87445}.Debug|Any CPU.Build.0 = Debug|Any CPU
		{B3DA1DCA-DACD-4B34-B1D7-55ED1AF87445}.Release|Any CPU.ActiveCfg = Release|Any CPU
		{B3DA1DCA-DACD-4B34-B1D7-55ED1AF87445}.Release|Any CPU.Build.0 = Release|Any CPU
		{00BF8B27-52CE-47E9-B525-1DB856B2EB26}.Debug|Any CPU.ActiveCfg = Debug|Any CPU
		{00BF8B27-52CE-47E9-B525-1DB856B2EB26}.Debug|Any CPU.Build.0 = Debug|Any CPU
		{00BF8B27-52CE-47E9-B525-1DB856B2EB26}.Release|Any CPU.ActiveCfg = Release|Any CPU
		{00BF8B27-52CE-47E9-B525-1DB856B2EB26}.Release|Any CPU.Build.0 = Release|Any CPU
	EndGlobalSection
	GlobalSection(SolutionProperties) = preSolution
		HideSolutionNode = FALSE
	EndGlobalSection
	GlobalSection(NestedProjects) = preSolution
		{FECA43E5-4562-4DC0-81E0-CA79C2C57E28} = {E1B7B44C-90D6-4A48-A5D8-59B0CFFAE89E}
		{B3DA1DCA-DACD-4B34-B1D7-55ED1AF87445} = {E1B7B44C-90D6-4A48-A5D8-59B0CFFAE89E}
		{00BF8B27-52CE-47E9-B525-1DB856B2EB26} = {E1B7B44C-90D6-4A48-A5D8-59B0CFFAE89E}
	EndGlobalSection
	GlobalSection(ExtensibilityGlobals) = postSolution
		SolutionGuid = {F9824C0E-AED9-4F08-857A-799BE3EDDF94}
	EndGlobalSection
EndGlobal
