
Microsoft Visual Studio Solution File, Format Version 12.00
# Visual Studio Version 16
VisualStudioVersion = 16.0.31515.178
MinimumVisualStudioVersion = 10.0.40219.1
Project("{FAE04EC0-301F-11D3-BF4B-00C04F79EFBC}") = "SpecFlow.Actions.Playwright", "SpecFlow.Actions.Playwright\SpecFlow.Actions.Playwright.csproj", "{5A9BD017-BB29-43DE-941F-2D96B22511D6}"
EndProject
Global
	GlobalSection(SolutionConfigurationPlatforms) = preSolution
		Debug|Any CPU = Debug|Any CPU
		Release|Any CPU = Release|Any CPU
	EndGlobalSection
	GlobalSection(ProjectConfigurationPlatforms) = postSolution
		{5A9BD017-BB29-43DE-941F-2D96B22511D6}.Debug|Any CPU.ActiveCfg = Debug|Any CPU
		{5A9BD017-BB29-43DE-941F-2D96B22511D6}.Debug|Any CPU.Build.0 = Debug|Any CPU
		{5A9BD017-BB29-43DE-941F-2D96B22511D6}.Release|Any CPU.ActiveCfg = Release|Any CPU
		{5A9BD017-BB29-43DE-941F-2D96B22511D6}.Release|Any CPU.Build.0 = Release|Any CPU
	EndGlobalSection
	GlobalSection(SolutionProperties) = preSolution
		HideSolutionNode = FALSE
	EndGlobalSection
	GlobalSection(ExtensibilityGlobals) = postSolution
		SolutionGuid = {B0CA8FCD-624F-4B00-92C5-991DB96E4A1E}
	EndGlobalSection
EndGlobal
