
Microsoft Visual Studio Solution File, Format Version 12.00
# Visual Studio Version 17
VisualStudioVersion = 17.0.32112.339
MinimumVisualStudioVersion = 10.0.40219.1
Project("{9A19103F-16F7-4668-BE54-9A1E7A4F7556}") = "SpecFlow.Actions.Playwright", "SpecFlow.Actions.Playwright\SpecFlow.Actions.Playwright.csproj", "{F6429365-EFAD-4400-A10A-3F9CFE973886}"
EndProject
Project("{9A19103F-16F7-4668-BE54-9A1E7A4F7556}") = "Example", "Example\Example.csproj", "{7D54ECA2-B933-47CA-9880-8B9CD7BB3009}"
EndProject
Project("{2150E333-8FDC-42A3-9474-1A3956D46DE8}") = "Build", "Build", "{B083B326-D064-492D-B58A-5352FEAE8C7B}"
	ProjectSection(SolutionItems) = preProject
		..\.editorconfig = ..\.editorconfig
		..\Directory.Build.props = ..\Directory.Build.props
		..\Directory.Build.targets = ..\Directory.Build.targets
		..\version.json = ..\version.json
	EndProjectSection
EndProject
Project("{2150E333-8FDC-42A3-9474-1A3956D46DE8}") = "Dependencies", "Dependencies", "{A82DF61C-FFFD-4A7C-B246-E22849DEBFA7}"
EndProject
Project("{9A19103F-16F7-4668-BE54-9A1E7A4F7556}") = "SpecFlow.Actions.Configuration", "..\SpecFlow.Actions.Configuration\SpecFlow.Actions.Configuration\SpecFlow.Actions.Configuration.csproj", "{87A68009-81EA-4037-B05C-079536AB6EDB}"
EndProject
Project("{9A19103F-16F7-4668-BE54-9A1E7A4F7556}") = "SpecFlow.Actions.Configuration.Generation", "..\SpecFlow.Actions.Configuration\SpecFlow.Actions.Configuration.Generation\SpecFlow.Actions.Configuration.Generation.csproj", "{67080C71-B296-4088-B9ED-54DAB88A49E5}"
EndProject
Global
	GlobalSection(SolutionConfigurationPlatforms) = preSolution
		Debug|Any CPU = Debug|Any CPU
		Release|Any CPU = Release|Any CPU
	EndGlobalSection
	GlobalSection(ProjectConfigurationPlatforms) = postSolution
		{F6429365-EFAD-4400-A10A-3F9CFE973886}.Debug|Any CPU.ActiveCfg = Debug|Any CPU
		{F6429365-EFAD-4400-A10A-3F9CFE973886}.Debug|Any CPU.Build.0 = Debug|Any CPU
		{F6429365-EFAD-4400-A10A-3F9CFE973886}.Release|Any CPU.ActiveCfg = Release|Any CPU
		{F6429365-EFAD-4400-A10A-3F9CFE973886}.Release|Any CPU.Build.0 = Release|Any CPU
		{7D54ECA2-B933-47CA-9880-8B9CD7BB3009}.Debug|Any CPU.ActiveCfg = Debug|Any CPU
		{7D54ECA2-B933-47CA-9880-8B9CD7BB3009}.Debug|Any CPU.Build.0 = Debug|Any CPU
		{7D54ECA2-B933-47CA-9880-8B9CD7BB3009}.Release|Any CPU.ActiveCfg = Release|Any CPU
		{7D54ECA2-B933-47CA-9880-8B9CD7BB3009}.Release|Any CPU.Build.0 = Release|Any CPU
		{87A68009-81EA-4037-B05C-079536AB6EDB}.Debug|Any CPU.ActiveCfg = Debug|Any CPU
		{87A68009-81EA-4037-B05C-079536AB6EDB}.Debug|Any CPU.Build.0 = Debug|Any CPU
		{87A68009-81EA-4037-B05C-079536AB6EDB}.Release|Any CPU.ActiveCfg = Release|Any CPU
		{87A68009-81EA-4037-B05C-079536AB6EDB}.Release|Any CPU.Build.0 = Release|Any CPU
		{67080C71-B296-4088-B9ED-54DAB88A49E5}.Debug|Any CPU.ActiveCfg = Debug|Any CPU
		{67080C71-B296-4088-B9ED-54DAB88A49E5}.Debug|Any CPU.Build.0 = Debug|Any CPU
		{67080C71-B296-4088-B9ED-54DAB88A49E5}.Release|Any CPU.ActiveCfg = Release|Any CPU
		{67080C71-B296-4088-B9ED-54DAB88A49E5}.Release|Any CPU.Build.0 = Release|Any CPU
	EndGlobalSection
	GlobalSection(SolutionProperties) = preSolution
		HideSolutionNode = FALSE
	EndGlobalSection
	GlobalSection(NestedProjects) = preSolution
		{87A68009-81EA-4037-B05C-079536AB6EDB} = {A82DF61C-FFFD-4A7C-B246-E22849DEBFA7}
		{67080C71-B296-4088-B9ED-54DAB88A49E5} = {A82DF61C-FFFD-4A7C-B246-E22849DEBFA7}
	EndGlobalSection
	GlobalSection(ExtensibilityGlobals) = postSolution
		SolutionGuid = {C007713E-7971-4CAE-A945-D8E2794467C9}
	EndGlobalSection
EndGlobal
