
Microsoft Visual Studio Solution File, Format Version 12.00
# Visual Studio Version 16
VisualStudioVersion = 16.0.31702.278
MinimumVisualStudioVersion = 10.0.40219.1
Project("{FAE04EC0-301F-11D3-BF4B-00C04F79EFBC}") = "SpecFlow.Actions.WindowsAppDriver", "SpecFlow.Actions.WindowsAppDriver\SpecFlow.Actions.WindowsAppDriver.csproj", "{E5FD98B4-78CD-4758-8ACF-8F352225FF6F}"
	ProjectSection(ProjectDependencies) = postProject
		{707DE81C-B2A0-4B98-B53E-062D5520070B} = {707DE81C-B2A0-4B98-B53E-062D5520070B}
	EndProjectSection
EndProject
Project("{9A19103F-16F7-4668-BE54-9A1E7A4F7556}") = "SpecFlow.Actions.Configuration", "..\SpecFlow.Actions.Configuration\SpecFlow.Actions.Configuration\SpecFlow.Actions.Configuration.csproj", "{707DE81C-B2A0-4B98-B53E-062D5520070B}"
EndProject
Project("{2150E333-8FDC-42A3-9474-1A3956D46DE8}") = "Dependencies", "Dependencies", "{FFE6B794-EA8B-4E7D-80FE-FB81D70A5915}"
EndProject
Project("{FAE04EC0-301F-11D3-BF4B-00C04F79EFBC}") = "SpecFlowCalculator", "SpecFlowCalculator\SpecFlowCalculator.csproj", "{3C2FD80E-B785-4EDD-86E5-564F2BAE30BD}"
EndProject
Project("{FAE04EC0-301F-11D3-BF4B-00C04F79EFBC}") = "SpecFlowCalculator.Specs", "SpecFlowCalculator.Specs\SpecFlowCalculator.Specs.csproj", "{1E096909-A12A-470F-83C8-1C32DCCF2109}"
EndProject
Global
	GlobalSection(SolutionConfigurationPlatforms) = preSolution
		Debug|Any CPU = Debug|Any CPU
		Release|Any CPU = Release|Any CPU
	EndGlobalSection
	GlobalSection(ProjectConfigurationPlatforms) = postSolution
		{E5FD98B4-78CD-4758-8ACF-8F352225FF6F}.Debug|Any CPU.ActiveCfg = Debug|Any CPU
		{E5FD98B4-78CD-4758-8ACF-8F352225FF6F}.Debug|Any CPU.Build.0 = Debug|Any CPU
		{E5FD98B4-78CD-4758-8ACF-8F352225FF6F}.Release|Any CPU.ActiveCfg = Release|Any CPU
		{E5FD98B4-78CD-4758-8ACF-8F352225FF6F}.Release|Any CPU.Build.0 = Release|Any CPU
		{707DE81C-B2A0-4B98-B53E-062D5520070B}.Debug|Any CPU.ActiveCfg = Debug|Any CPU
		{707DE81C-B2A0-4B98-B53E-062D5520070B}.Debug|Any CPU.Build.0 = Debug|Any CPU
		{707DE81C-B2A0-4B98-B53E-062D5520070B}.Release|Any CPU.ActiveCfg = Release|Any CPU
		{707DE81C-B2A0-4B98-B53E-062D5520070B}.Release|Any CPU.Build.0 = Release|Any CPU
		{3C2FD80E-B785-4EDD-86E5-564F2BAE30BD}.Debug|Any CPU.ActiveCfg = Debug|Any CPU
		{3C2FD80E-B785-4EDD-86E5-564F2BAE30BD}.Debug|Any CPU.Build.0 = Debug|Any CPU
		{3C2FD80E-B785-4EDD-86E5-564F2BAE30BD}.Release|Any CPU.ActiveCfg = Release|Any CPU
		{3C2FD80E-B785-4EDD-86E5-564F2BAE30BD}.Release|Any CPU.Build.0 = Release|Any CPU
		{1E096909-A12A-470F-83C8-1C32DCCF2109}.Debug|Any CPU.ActiveCfg = Debug|Any CPU
		{1E096909-A12A-470F-83C8-1C32DCCF2109}.Debug|Any CPU.Build.0 = Debug|Any CPU
		{1E096909-A12A-470F-83C8-1C32DCCF2109}.Release|Any CPU.ActiveCfg = Release|Any CPU
		{1E096909-A12A-470F-83C8-1C32DCCF2109}.Release|Any CPU.Build.0 = Release|Any CPU
	EndGlobalSection
	GlobalSection(SolutionProperties) = preSolution
		HideSolutionNode = FALSE
	EndGlobalSection
	GlobalSection(NestedProjects) = preSolution
		{707DE81C-B2A0-4B98-B53E-062D5520070B} = {FFE6B794-EA8B-4E7D-80FE-FB81D70A5915}
	EndGlobalSection
	GlobalSection(ExtensibilityGlobals) = postSolution
		SolutionGuid = {28FCB1F5-0452-42E2-8A0A-CCE1B8E2A376}
	EndGlobalSection
EndGlobal
